
Microsoft Visual Studio Solution File, Format Version 12.00
# Visual Studio Version 17
VisualStudioVersion = 17.8.34525.116
MinimumVisualStudioVersion = 10.0.40219.1
Project("{FAE04EC0-301F-11D3-BF4B-00C04F79EFBC}") = "ProjekatDM", "ProjekatDM\ProjekatDM.csproj", "{42D2AF8B-5900-4D79-9206-6179582E4F1B}"
EndProject
Global
	GlobalSection(SolutionConfigurationPlatforms) = preSolution
		Debug|Any CPU = Debug|Any CPU
		Release|Any CPU = Release|Any CPU
	EndGlobalSection
	GlobalSection(ProjectConfigurationPlatforms) = postSolution
		{42D2AF8B-5900-4D79-9206-6179582E4F1B}.Debug|Any CPU.ActiveCfg = Debug|Any CPU
		{42D2AF8B-5900-4D79-9206-6179582E4F1B}.Debug|Any CPU.Build.0 = Debug|Any CPU
		{42D2AF8B-5900-4D79-9206-6179582E4F1B}.Release|Any CPU.ActiveCfg = Release|Any CPU
		{42D2AF8B-5900-4D79-9206-6179582E4F1B}.Release|Any CPU.Build.0 = Release|Any CPU
	EndGlobalSection
	GlobalSection(SolutionProperties) = preSolution
		HideSolutionNode = FALSE
	EndGlobalSection
	GlobalSection(ExtensibilityGlobals) = postSolution
		SolutionGuid = {96D5894E-2931-4B31-880B-1702251FB258}
	EndGlobalSection
EndGlobal
